{
    "_readme": [
        "This file locks the dependencies of your project to a known state",
        "Read more about it at https://getcomposer.org/doc/01-basic-usage.md#composer-lock-the-lock-file",
        "This file is @generated automatically"
    ],
    "hash": "32b76ac0b700db8b94cc1897692a5c87",
    "content-hash": "8d01717e2f68659d51fc163950069b62",
    "packages": [
        {
            "name": "jpuck/etl",
            "version": "0.3.0",
            "source": {
                "type": "git",
                "url": "https://github.com/jpuck/etl.git",
                "reference": "88e3bcc23bbec30a816d0f247d8fcb8c6142c205"
            },
            "dist": {
                "type": "zip",
                "url": "https://api.github.com/repos/jpuck/etl/zipball/88e3bcc23bbec30a816d0f247d8fcb8c6142c205",
                "reference": "88e3bcc23bbec30a816d0f247d8fcb8c6142c205",
                "shasum": ""
            },
            "require": {
                "jpuck/phpdev": "^1.2",
                "php": "^7.0",
                "sabre/xml": "^1.4"
            },
            "require-dev": {
                "phpunit/phpunit": "^5.5"
            },
            "type": "library",
            "autoload": {
                "psr-4": {
                    "jpuck\\etl\\": "src/"
                }
            },
            "notification-url": "https://packagist.org/downloads/",
            "license": [
                "GPL-3.0+"
            ],
            "authors": [
                {
                    "name": "Jeff Puckett",
                    "email": "jeff@jeffpuckett.com"
                }
            ],
            "description": "Tools for extract, transform, and load processes.",
            "time": "2016-09-29 17:11:12"
        },
        {
            "name": "jpuck/phpdev",
            "version": "1.2.1",
            "source": {
                "type": "git",
                "url": "https://github.com/jpuck/phpdev.git",
                "reference": "874e064690ca8b58b33753ac3bc369ec8983ff6c"
            },
            "dist": {
                "type": "zip",
                "url": "https://api.github.com/repos/jpuck/phpdev/zipball/874e064690ca8b58b33753ac3bc369ec8983ff6c",
                "reference": "874e064690ca8b58b33753ac3bc369ec8983ff6c",
                "shasum": ""
            },
            "require": {
                "php": "^7.0"
            },
            "require-dev": {
                "phpunit/phpunit": "^5.5"
            },
            "type": "library",
            "autoload": {
                "psr-4": {
                    "jpuck\\phpdev\\": "src/"
                }
            },
            "notification-url": "https://packagist.org/downloads/",
            "license": [
                "MIT"
            ],
            "authors": [
                {
                    "name": "Jeff Puckett",
                    "email": "jeff@jeffpuckett.com"
                }
            ],
            "description": "A collection of classes useful for code under construction.",
            "time": "2016-09-25 17:46:59"
        },
        {
            "name": "sabre/uri",
            "version": "1.1.0",
            "source": {
                "type": "git",
                "url": "https://github.com/fruux/sabre-uri.git",
                "reference": "9012116434d84ef6e5e37a89dfdbfbe2204a8704"
            },
            "dist": {
                "type": "zip",
                "url": "https://api.github.com/repos/fruux/sabre-uri/zipball/9012116434d84ef6e5e37a89dfdbfbe2204a8704",
                "reference": "9012116434d84ef6e5e37a89dfdbfbe2204a8704",
                "shasum": ""
            },
            "require": {
                "php": ">=5.4.7"
            },
            "require-dev": {
                "phpunit/phpunit": "*",
                "sabre/cs": "~0.0.1"
            },
            "type": "library",
            "autoload": {
                "files": [
                    "lib/functions.php"
                ],
                "psr-4": {
                    "Sabre\\Uri\\": "lib/"
                }
            },
            "notification-url": "https://packagist.org/downloads/",
            "license": [
                "BSD-3-Clause"
            ],
            "authors": [
                {
                    "name": "Evert Pot",
                    "email": "me@evertpot.com",
                    "homepage": "http://evertpot.com/",
                    "role": "Developer"
                }
            ],
            "description": "Functions for making sense out of URIs.",
            "homepage": "http://sabre.io/uri/",
            "keywords": [
                "rfc3986",
                "uri",
                "url"
            ],
            "time": "2016-03-08 02:29:27"
        },
        {
            "name": "sabre/xml",
            "version": "1.4.2",
            "source": {
                "type": "git",
                "url": "https://github.com/fruux/sabre-xml.git",
                "reference": "f48d98c22a4a4bef76cabb5968ffaddbb2bb593e"
            },
            "dist": {
                "type": "zip",
                "url": "https://api.github.com/repos/fruux/sabre-xml/zipball/f48d98c22a4a4bef76cabb5968ffaddbb2bb593e",
                "reference": "f48d98c22a4a4bef76cabb5968ffaddbb2bb593e",
                "shasum": ""
            },
            "require": {
                "ext-dom": "*",
                "ext-xmlreader": "*",
                "ext-xmlwriter": "*",
                "lib-libxml": ">=2.6.20",
                "php": ">=5.4.1",
                "sabre/uri": "~1.0"
            },
            "require-dev": {
                "phpunit/phpunit": "*",
                "sabre/cs": "~0.0.2"
            },
            "type": "library",
            "autoload": {
                "psr-4": {
                    "Sabre\\Xml\\": "lib/"
                },
                "files": [
                    "lib/Deserializer/functions.php",
                    "lib/Serializer/functions.php"
                ]
            },
            "notification-url": "https://packagist.org/downloads/",
            "license": [
                "BSD-3-Clause"
            ],
            "authors": [
                {
                    "name": "Evert Pot",
                    "email": "me@evertpot.com",
                    "homepage": "http://evertpot.com/",
                    "role": "Developer"
                },
                {
                    "name": "Markus Staab",
                    "email": "markus.staab@redaxo.de",
                    "role": "Developer"
                }
            ],
            "description": "sabre/xml is an XML library that you may not hate.",
            "homepage": "https://sabre.io/xml/",
            "keywords": [
                "XMLReader",
                "XMLWriter",
                "dom",
                "xml"
            ],
            "time": "2016-05-19 21:56:49"
        }
    ],
    "packages-dev": [],
    "aliases": [],
    "minimum-stability": "stable",
    "stability-flags": [],
    "prefer-stable": false,
    "prefer-lowest": false,
    "platform": [],
    "platform-dev": []
}
